
Microsoft Visual Studio Solution File, Format Version 12.00
# Visual Studio Version 16
VisualStudioVersion = 25.0.1704.0
MinimumVisualStudioVersion = 10.0.40219.1
Project("{FAE04EC0-301F-11D3-BF4B-00C04F79EFBC}") = "jsonrpc-repro", "jsonrpc-repro.csproj", "{79A6D78B-EC57-4406-B46A-3A45B7513B0A}"
EndProject
Global
	GlobalSection(SolutionConfigurationPlatforms) = preSolution
		Debug|Any CPU = Debug|Any CPU
		Release|Any CPU = Release|Any CPU
	EndGlobalSection
	GlobalSection(ProjectConfigurationPlatforms) = postSolution
		{79A6D78B-EC57-4406-B46A-3A45B7513B0A}.Debug|Any CPU.ActiveCfg = Debug|Any CPU
		{79A6D78B-EC57-4406-B46A-3A45B7513B0A}.Debug|Any CPU.Build.0 = Debug|Any CPU
		{79A6D78B-EC57-4406-B46A-3A45B7513B0A}.Release|Any CPU.ActiveCfg = Release|Any CPU
		{79A6D78B-EC57-4406-B46A-3A45B7513B0A}.Release|Any CPU.Build.0 = Release|Any CPU
	EndGlobalSection
	GlobalSection(SolutionProperties) = preSolution
		HideSolutionNode = FALSE
	EndGlobalSection
	GlobalSection(ExtensibilityGlobals) = postSolution
		SolutionGuid = {052F6794-F4CC-4AEE-AA8B-AD7F00F8651E}
	EndGlobalSection
EndGlobal
